
Microsoft Visual Studio Solution File, Format Version 12.00
# Visual Studio Version 16
VisualStudioVersion = 16.0.30717.126
MinimumVisualStudioVersion = 10.0.40219.1
Project("{FAE04EC0-301F-11D3-BF4B-00C04F79EFBC}") = "Sekretariat_Desktopowy", "Sekretariat_Desktopowy\Sekretariat_Desktopowy.csproj", "{8B56895D-868B-446F-ADC0-6788E59E0A08}"
EndProject
Global
	GlobalSection(SolutionConfigurationPlatforms) = preSolution
		Debug|Any CPU = Debug|Any CPU
		Release|Any CPU = Release|Any CPU
	EndGlobalSection
	GlobalSection(ProjectConfigurationPlatforms) = postSolution
		{8B56895D-868B-446F-ADC0-6788E59E0A08}.Debug|Any CPU.ActiveCfg = Debug|Any CPU
		{8B56895D-868B-446F-ADC0-6788E59E0A08}.Debug|Any CPU.Build.0 = Debug|Any CPU
		{8B56895D-868B-446F-ADC0-6788E59E0A08}.Release|Any CPU.ActiveCfg = Release|Any CPU
		{8B56895D-868B-446F-ADC0-6788E59E0A08}.Release|Any CPU.Build.0 = Release|Any CPU
	EndGlobalSection
	GlobalSection(SolutionProperties) = preSolution
		HideSolutionNode = FALSE
	EndGlobalSection
	GlobalSection(ExtensibilityGlobals) = postSolution
		SolutionGuid = {FC9D3324-B87A-45FD-A585-8F0E790D96F7}
	EndGlobalSection
EndGlobal
